
Microsoft Visual Studio Solution File, Format Version 12.00
# Visual Studio Version 17
VisualStudioVersion = 17.5.002.0
MinimumVisualStudioVersion = 10.0.40219.1
Project("{9A19103F-16F7-4668-BE54-9A1E7A4F7556}") = "waterapi", "waterapi.csproj", "{9AFFE5CC-0BC7-409F-AF49-BE019451AE9E}"
EndProject
Global
	GlobalSection(SolutionConfigurationPlatforms) = preSolution
		Debug|Any CPU = Debug|Any CPU
		Release|Any CPU = Release|Any CPU
	EndGlobalSection
	GlobalSection(ProjectConfigurationPlatforms) = postSolution
		{9AFFE5CC-0BC7-409F-AF49-BE019451AE9E}.Debug|Any CPU.ActiveCfg = Debug|Any CPU
		{9AFFE5CC-0BC7-409F-AF49-BE019451AE9E}.Debug|Any CPU.Build.0 = Debug|Any CPU
		{9AFFE5CC-0BC7-409F-AF49-BE019451AE9E}.Release|Any CPU.ActiveCfg = Release|Any CPU
		{9AFFE5CC-0BC7-409F-AF49-BE019451AE9E}.Release|Any CPU.Build.0 = Release|Any CPU
	EndGlobalSection
	GlobalSection(SolutionProperties) = preSolution
		HideSolutionNode = FALSE
	EndGlobalSection
	GlobalSection(ExtensibilityGlobals) = postSolution
		SolutionGuid = {6EF899E2-826A-4103-9608-369196F6F739}
	EndGlobalSection
EndGlobal
